github.com/listonaj/GoToDog v0.0.0-20231216201417-d5f07d2e2b11 h1:OZXMWZgcjBEzpCKVvYcpLV6ryypTM3DZMtwCrkR06Dk=
github.com/listonaj/GoToDog v0.0.0-20231216201417-d5f07d2e2b11/go.mod h1:g3lN0aA7l9d/LKYK0aQBxb8P8i+1ErDq8GoYAmAv0ok=
github.com/listonaj/puppy v0.0.0-20231216212525-981486ec2f46 h1:RxB5PfU1RJaBpH89xNnsHdU3rJ6k/h35ZnCN21/w+FA=
github.com/listonaj/puppy v0.0.0-20231216212525-981486ec2f46/go.mod h1:j8oMMCsSC0e1oWumKAdY9I0Ix+P7BSrBUT5m0XiTBYU=
