github.com/listonaj/GoToDog v0.0.0-20231216201417-d5f07d2e2b11 h1:OZXMWZgcjBEzpCKVvYcpLV6ryypTM3DZMtwCrkR06Dk=
github.com/listonaj/GoToDog v0.0.0-20231216201417-d5f07d2e2b11/go.mod h1:g3lN0aA7l9d/LKYK0aQBxb8P8i+1ErDq8GoYAmAv0ok=
github.com/listonaj/puppy v0.0.0-20231216203153-2dd68151ef5f h1:A5PIpfSuEPIxit2rMulfnL3/6S7aELYjE8Kv8f6F7KE=
github.com/listonaj/puppy v0.0.0-20231216203153-2dd68151ef5f/go.mod h1:j8oMMCsSC0e1oWumKAdY9I0Ix+P7BSrBUT5m0XiTBYU=
